
Microsoft Visual Studio Solution File, Format Version 12.00
# Visual Studio Version 16
VisualStudioVersion = 16.0.34729.46
MinimumVisualStudioVersion = 10.0.40219.1
Project("{FAE04EC0-301F-11D3-BF4B-00C04F79EFBC}") = "TabladeMultiplicar", "TabladeMultiplicar\TabladeMultiplicar.csproj", "{B73DFC02-1A6A-48FE-9CE1-E084BB1026FC}"
EndProject
Global
	GlobalSection(SolutionConfigurationPlatforms) = preSolution
		Debug|Any CPU = Debug|Any CPU
		Release|Any CPU = Release|Any CPU
	EndGlobalSection
	GlobalSection(ProjectConfigurationPlatforms) = postSolution
		{B73DFC02-1A6A-48FE-9CE1-E084BB1026FC}.Debug|Any CPU.ActiveCfg = Debug|Any CPU
		{B73DFC02-1A6A-48FE-9CE1-E084BB1026FC}.Debug|Any CPU.Build.0 = Debug|Any CPU
		{B73DFC02-1A6A-48FE-9CE1-E084BB1026FC}.Release|Any CPU.ActiveCfg = Release|Any CPU
		{B73DFC02-1A6A-48FE-9CE1-E084BB1026FC}.Release|Any CPU.Build.0 = Release|Any CPU
	EndGlobalSection
	GlobalSection(SolutionProperties) = preSolution
		HideSolutionNode = FALSE
	EndGlobalSection
	GlobalSection(ExtensibilityGlobals) = postSolution
		SolutionGuid = {363987C5-6AE0-47C9-8867-D256062EABF8}
	EndGlobalSection
EndGlobal
